// !$*UTF8*$!
{
	archiveVersion = 1;
	classes = {
	};
	objectVersion = 56;
	objects = {

/* Begin PBXBuildFile section */
		9B059984291ABC610056EF17 /* NetworkError.swift in Sources */ = {isa = PBXBuildFile; fileRef = 9B059983291ABC610056EF17 /* NetworkError.swift */; };
		9B059986291ABC8B0056EF17 /* APIRouter.swift in Sources */ = {isa = PBXBuildFile; fileRef = 9B059985291ABC8B0056EF17 /* APIRouter.swift */; };
		9B05998A291ABE160056EF17 /* Parser.swift in Sources */ = {isa = PBXBuildFile; fileRef = 9B059989291ABE160056EF17 /* Parser.swift */; };
		9B05998C291ABE760056EF17 /* SessionError.swift in Sources */ = {isa = PBXBuildFile; fileRef = 9B05998B291ABE760056EF17 /* SessionError.swift */; };
		9B05998E291ABE9D0056EF17 /* ParameterEncodable.swift in Sources */ = {isa = PBXBuildFile; fileRef = 9B05998D291ABE9D0056EF17 /* ParameterEncodable.swift */; };
		9B059990291ABEE30056EF17 /* URLSession+Extensions.swift in Sources */ = {isa = PBXBuildFile; fileRef = 9B05998F291ABEE30056EF17 /* URLSession+Extensions.swift */; };
		9B059993291AC12A0056EF17 /* PeopleResponse.swift in Sources */ = {isa = PBXBuildFile; fileRef = 9B059992291AC12A0056EF17 /* PeopleResponse.swift */; };
		9B059996291AC24A0056EF17 /* MainResourceType.swift in Sources */ = {isa = PBXBuildFile; fileRef = 9B059995291AC24A0056EF17 /* MainResourceType.swift */; };
		9B059998291AC9770056EF17 /* UIViewController+Alert.swift in Sources */ = {isa = PBXBuildFile; fileRef = 9B059997291AC9770056EF17 /* UIViewController+Alert.swift */; };
		9B05999D291AE1270056EF17 /* Section.swift in Sources */ = {isa = PBXBuildFile; fileRef = 9B05999C291AE1270056EF17 /* Section.swift */; };
		9B05999F291AE42C0056EF17 /* CategoryModel.swift in Sources */ = {isa = PBXBuildFile; fileRef = 9B05999E291AE42C0056EF17 /* CategoryModel.swift */; };
		9B0599A5291AF4920056EF17 /* PresentationController.swift in Sources */ = {isa = PBXBuildFile; fileRef = 9B0599A4291AF4920056EF17 /* PresentationController.swift */; };
		9B0599A7291AF5100056EF17 /* LoadingPageViewController.swift in Sources */ = {isa = PBXBuildFile; fileRef = 9B0599A6291AF5100056EF17 /* LoadingPageViewController.swift */; };
		9B0599AA291AF5600056EF17 /* LoadingPageViewController.xib in Resources */ = {isa = PBXBuildFile; fileRef = 9B0599A9291AF5600056EF17 /* LoadingPageViewController.xib */; };
		9B0599AC291AF7B70056EF17 /* PlanetsResponse.swift in Sources */ = {isa = PBXBuildFile; fileRef = 9B0599AB291AF7B70056EF17 /* PlanetsResponse.swift */; };
		9B0599AE291AF9F10056EF17 /* FilmsResponse.swift in Sources */ = {isa = PBXBuildFile; fileRef = 9B0599AD291AF9F10056EF17 /* FilmsResponse.swift */; };
		9B0599B0291AFA670056EF17 /* SpeciesResponse.swift in Sources */ = {isa = PBXBuildFile; fileRef = 9B0599AF291AFA670056EF17 /* SpeciesResponse.swift */; };
		9B0599B3291AFEFE0056EF17 /* DetailsViewController.swift in Sources */ = {isa = PBXBuildFile; fileRef = 9B0599B2291AFEFE0056EF17 /* DetailsViewController.swift */; };
		9B0599B5291AFF0A0056EF17 /* DetailsViewModel.swift in Sources */ = {isa = PBXBuildFile; fileRef = 9B0599B4291AFF0A0056EF17 /* DetailsViewModel.swift */; };
		9B0599B8291AFFC50056EF17 /* DetailsModel.swift in Sources */ = {isa = PBXBuildFile; fileRef = 9B0599B7291AFFC50056EF17 /* DetailsModel.swift */; };
		9B0599BB291B00CE0056EF17 /* DetailsViewController.xib in Resources */ = {isa = PBXBuildFile; fileRef = 9B0599BA291B00CE0056EF17 /* DetailsViewController.xib */; };
		9B5BCE35291BC7B80069AB03 /* Configuration.swift in Sources */ = {isa = PBXBuildFile; fileRef = 9B5BCE34291BC7B80069AB03 /* Configuration.swift */; };
		9B5FD1FA291A970100FB2D17 /* MainViewController.xib in Resources */ = {isa = PBXBuildFile; fileRef = 9B5FD1F9291A970100FB2D17 /* MainViewController.xib */; };
		9B8833CC29193BC3002C9DDE /* AppDelegate.swift in Sources */ = {isa = PBXBuildFile; fileRef = 9B8833CB29193BC3002C9DDE /* AppDelegate.swift */; };
		9B8833D029193BC3002C9DDE /* MainViewController.swift in Sources */ = {isa = PBXBuildFile; fileRef = 9B8833CF29193BC3002C9DDE /* MainViewController.swift */; };
		9B8833D529193BC4002C9DDE /* Assets.xcassets in Resources */ = {isa = PBXBuildFile; fileRef = 9B8833D429193BC4002C9DDE /* Assets.xcassets */; };
		9B8833D829193BC4002C9DDE /* LaunchScreen.storyboard in Resources */ = {isa = PBXBuildFile; fileRef = 9B8833D629193BC4002C9DDE /* LaunchScreen.storyboard */; };
		9B8833EB291987DC002C9DDE /* AppDependencies.swift in Sources */ = {isa = PBXBuildFile; fileRef = 9B8833EA291987DC002C9DDE /* AppDependencies.swift */; };
		9B8833ED291987F6002C9DDE /* NetworkManager.swift in Sources */ = {isa = PBXBuildFile; fileRef = 9B8833EC291987F6002C9DDE /* NetworkManager.swift */; };
		9B8833F92919A975002C9DDE /* AppCoordinator.swift in Sources */ = {isa = PBXBuildFile; fileRef = 9B8833F82919A975002C9DDE /* AppCoordinator.swift */; };
		9B8833FB2919A99E002C9DDE /* BaseCoordinator.swift in Sources */ = {isa = PBXBuildFile; fileRef = 9B8833FA2919A99E002C9DDE /* BaseCoordinator.swift */; };
		9B8833FE2919A9BE002C9DDE /* Router.swift in Sources */ = {isa = PBXBuildFile; fileRef = 9B8833FD2919A9BE002C9DDE /* Router.swift */; };
		9B8834012919A9F8002C9DDE /* Coordinator.swift in Sources */ = {isa = PBXBuildFile; fileRef = 9B8834002919A9F8002C9DDE /* Coordinator.swift */; };
		9B8834032919AA07002C9DDE /* Presentable.swift in Sources */ = {isa = PBXBuildFile; fileRef = 9B8834022919AA07002C9DDE /* Presentable.swift */; };
		9B8834062919AA3C002C9DDE /* NSObject+Extensions.swift in Sources */ = {isa = PBXBuildFile; fileRef = 9B8834052919AA3C002C9DDE /* NSObject+Extensions.swift */; };
		9B8834082919AA61002C9DDE /* UIViewController+Extensions.swift in Sources */ = {isa = PBXBuildFile; fileRef = 9B8834072919AA61002C9DDE /* UIViewController+Extensions.swift */; };
		9B88340B2919AA88002C9DDE /* CoordinatorFactory.swift in Sources */ = {isa = PBXBuildFile; fileRef = 9B88340A2919AA88002C9DDE /* CoordinatorFactory.swift */; };
		9B88340D2919AB71002C9DDE /* MainCoordinator.swift in Sources */ = {isa = PBXBuildFile; fileRef = 9B88340C2919AB71002C9DDE /* MainCoordinator.swift */; };
		9B8834102919AC00002C9DDE /* ModuleFactoryImp.swift in Sources */ = {isa = PBXBuildFile; fileRef = 9B88340F2919AC00002C9DDE /* ModuleFactoryImp.swift */; };
		9B8834132919AC2C002C9DDE /* MainViewModel.swift in Sources */ = {isa = PBXBuildFile; fileRef = 9B8834122919AC2C002C9DDE /* MainViewModel.swift */; };
		9B8834152919ACA7002C9DDE /* MainModuleFactory.swift in Sources */ = {isa = PBXBuildFile; fileRef = 9B8834142919ACA7002C9DDE /* MainModuleFactory.swift */; };
		9B88341B2919C7DD002C9DDE /* Main.storyboard in Resources */ = {isa = PBXBuildFile; fileRef = 9B88341A2919C7DD002C9DDE /* Main.storyboard */; };
		9B883421291A950C002C9DDE /* TextCollectionViewCell.swift in Sources */ = {isa = PBXBuildFile; fileRef = 9B88341F291A950C002C9DDE /* TextCollectionViewCell.swift */; };
		9B883425291A95DD002C9DDE /* UICollectionViewCell+Extensions.swift in Sources */ = {isa = PBXBuildFile; fileRef = 9B883424291A95DD002C9DDE /* UICollectionViewCell+Extensions.swift */; };
		9BD52EB5291A973B00EA53E8 /* TextCollectionViewCell.xib in Resources */ = {isa = PBXBuildFile; fileRef = 9BD52EB4291A973B00EA53E8 /* TextCollectionViewCell.xib */; };
		9BD52EB7291A97DD00EA53E8 /* UIView+Extensions.swift in Sources */ = {isa = PBXBuildFile; fileRef = 9BD52EB6291A97DD00EA53E8 /* UIView+Extensions.swift */; };
		9BD52EB9291A997100EA53E8 /* Localizable.strings in Resources */ = {isa = PBXBuildFile; fileRef = 9BD52EB8291A997100EA53E8 /* Localizable.strings */; };
		9BD52EBC291AAC0600EA53E8 /* CategoryListViewController.swift in Sources */ = {isa = PBXBuildFile; fileRef = 9BD52EBB291AAC0600EA53E8 /* CategoryListViewController.swift */; };
		9BD52EBE291AAC1000EA53E8 /* CategoryListViewModel.swift in Sources */ = {isa = PBXBuildFile; fileRef = 9BD52EBD291AAC1000EA53E8 /* CategoryListViewModel.swift */; };
/* End PBXBuildFile section */

/* Begin PBXFileReference section */
		9B059983291ABC610056EF17 /* NetworkError.swift */ = {isa = PBXFileReference; lastKnownFileType = sourcecode.swift; path = NetworkError.swift; sourceTree = "<group>"; };
		9B059985291ABC8B0056EF17 /* APIRouter.swift */ = {isa = PBXFileReference; lastKnownFileType = sourcecode.swift; path = APIRouter.swift; sourceTree = "<group>"; };
		9B059989291ABE160056EF17 /* Parser.swift */ = {isa = PBXFileReference; lastKnownFileType = sourcecode.swift; path = Parser.swift; sourceTree = "<group>"; };
		9B05998B291ABE760056EF17 /* SessionError.swift */ = {isa = PBXFileReference; lastKnownFileType = sourcecode.swift; path = SessionError.swift; sourceTree = "<group>"; };
		9B05998D291ABE9D0056EF17 /* ParameterEncodable.swift */ = {isa = PBXFileReference; lastKnownFileType = sourcecode.swift; path = ParameterEncodable.swift; sourceTree = "<group>"; };
		9B05998F291ABEE30056EF17 /* URLSession+Extensions.swift */ = {isa = PBXFileReference; lastKnownFileType = sourcecode.swift; path = "URLSession+Extensions.swift"; sourceTree = "<group>"; };
		9B059992291AC12A0056EF17 /* PeopleResponse.swift */ = {isa = PBXFileReference; lastKnownFileType = sourcecode.swift; path = PeopleResponse.swift; sourceTree = "<group>"; };
		9B059995291AC24A0056EF17 /* MainResourceType.swift */ = {isa = PBXFileReference; lastKnownFileType = sourcecode.swift; path = MainResourceType.swift; sourceTree = "<group>"; };
		9B059997291AC9770056EF17 /* UIViewController+Alert.swift */ = {isa = PBXFileReference; lastKnownFileType = sourcecode.swift; path = "UIViewController+Alert.swift"; sourceTree = "<group>"; };
		9B05999C291AE1270056EF17 /* Section.swift */ = {isa = PBXFileReference; lastKnownFileType = sourcecode.swift; path = Section.swift; sourceTree = "<group>"; };
		9B05999E291AE42C0056EF17 /* CategoryModel.swift */ = {isa = PBXFileReference; lastKnownFileType = sourcecode.swift; path = CategoryModel.swift; sourceTree = "<group>"; };
		9B0599A4291AF4920056EF17 /* PresentationController.swift */ = {isa = PBXFileReference; lastKnownFileType = sourcecode.swift; path = PresentationController.swift; sourceTree = "<group>"; };
		9B0599A6291AF5100056EF17 /* LoadingPageViewController.swift */ = {isa = PBXFileReference; lastKnownFileType = sourcecode.swift; path = LoadingPageViewController.swift; sourceTree = "<group>"; };
		9B0599A9291AF5600056EF17 /* LoadingPageViewController.xib */ = {isa = PBXFileReference; lastKnownFileType = file.xib; path = LoadingPageViewController.xib; sourceTree = "<group>"; };
		9B0599AB291AF7B70056EF17 /* PlanetsResponse.swift */ = {isa = PBXFileReference; lastKnownFileType = sourcecode.swift; path = PlanetsResponse.swift; sourceTree = "<group>"; };
		9B0599AD291AF9F10056EF17 /* FilmsResponse.swift */ = {isa = PBXFileReference; lastKnownFileType = sourcecode.swift; path = FilmsResponse.swift; sourceTree = "<group>"; };
		9B0599AF291AFA670056EF17 /* SpeciesResponse.swift */ = {isa = PBXFileReference; lastKnownFileType = sourcecode.swift; path = SpeciesResponse.swift; sourceTree = "<group>"; };
		9B0599B2291AFEFE0056EF17 /* DetailsViewController.swift */ = {isa = PBXFileReference; lastKnownFileType = sourcecode.swift; path = DetailsViewController.swift; sourceTree = "<group>"; };
		9B0599B4291AFF0A0056EF17 /* DetailsViewModel.swift */ = {isa = PBXFileReference; lastKnownFileType = sourcecode.swift; path = DetailsViewModel.swift; sourceTree = "<group>"; };
		9B0599B7291AFFC50056EF17 /* DetailsModel.swift */ = {isa = PBXFileReference; lastKnownFileType = sourcecode.swift; path = DetailsModel.swift; sourceTree = "<group>"; };
		9B0599BA291B00CE0056EF17 /* DetailsViewController.xib */ = {isa = PBXFileReference; lastKnownFileType = file.xib; path = DetailsViewController.xib; sourceTree = "<group>"; };
		9B5BCE34291BC7B80069AB03 /* Configuration.swift */ = {isa = PBXFileReference; lastKnownFileType = sourcecode.swift; path = Configuration.swift; sourceTree = "<group>"; };
		9B5FD1F9291A970100FB2D17 /* MainViewController.xib */ = {isa = PBXFileReference; fileEncoding = 4; lastKnownFileType = file.xib; path = MainViewController.xib; sourceTree = "<group>"; };
		9B8833C829193BC3002C9DDE /* StarWars.app */ = {isa = PBXFileReference; explicitFileType = wrapper.application; includeInIndex = 0; path = StarWars.app; sourceTree = BUILT_PRODUCTS_DIR; };
		9B8833CB29193BC3002C9DDE /* AppDelegate.swift */ = {isa = PBXFileReference; lastKnownFileType = sourcecode.swift; path = AppDelegate.swift; sourceTree = "<group>"; };
		9B8833CF29193BC3002C9DDE /* MainViewController.swift */ = {isa = PBXFileReference; lastKnownFileType = sourcecode.swift; path = MainViewController.swift; sourceTree = "<group>"; };
		9B8833D429193BC4002C9DDE /* Assets.xcassets */ = {isa = PBXFileReference; lastKnownFileType = folder.assetcatalog; path = Assets.xcassets; sourceTree = "<group>"; };
		9B8833D729193BC4002C9DDE /* Base */ = {isa = PBXFileReference; lastKnownFileType = file.storyboard; name = Base; path = Base.lproj/LaunchScreen.storyboard; sourceTree = "<group>"; };
		9B8833D929193BC4002C9DDE /* Info.plist */ = {isa = PBXFileReference; lastKnownFileType = text.plist.xml; path = Info.plist; sourceTree = "<group>"; };
		9B8833E329195A84002C9DDE /* Development.xcconfig */ = {isa = PBXFileReference; lastKnownFileType = text.xcconfig; path = Development.xcconfig; sourceTree = "<group>"; };
		9B8833E429195B4B002C9DDE /* Production.xcconfig */ = {isa = PBXFileReference; lastKnownFileType = text.xcconfig; path = Production.xcconfig; sourceTree = "<group>"; };
		9B8833E529196A34002C9DDE /* Staging.xcconfig */ = {isa = PBXFileReference; lastKnownFileType = text.xcconfig; path = Staging.xcconfig; sourceTree = "<group>"; };
		9B8833EA291987DC002C9DDE /* AppDependencies.swift */ = {isa = PBXFileReference; lastKnownFileType = sourcecode.swift; path = AppDependencies.swift; sourceTree = "<group>"; };
		9B8833EC291987F6002C9DDE /* NetworkManager.swift */ = {isa = PBXFileReference; lastKnownFileType = sourcecode.swift; path = NetworkManager.swift; sourceTree = "<group>"; };
		9B8833F82919A975002C9DDE /* AppCoordinator.swift */ = {isa = PBXFileReference; lastKnownFileType = sourcecode.swift; path = AppCoordinator.swift; sourceTree = "<group>"; };
		9B8833FA2919A99E002C9DDE /* BaseCoordinator.swift */ = {isa = PBXFileReference; lastKnownFileType = sourcecode.swift; path = BaseCoordinator.swift; sourceTree = "<group>"; };
		9B8833FD2919A9BE002C9DDE /* Router.swift */ = {isa = PBXFileReference; lastKnownFileType = sourcecode.swift; path = Router.swift; sourceTree = "<group>"; };
		9B8834002919A9F8002C9DDE /* Coordinator.swift */ = {isa = PBXFileReference; lastKnownFileType = sourcecode.swift; path = Coordinator.swift; sourceTree = "<group>"; };
		9B8834022919AA07002C9DDE /* Presentable.swift */ = {isa = PBXFileReference; lastKnownFileType = sourcecode.swift; path = Presentable.swift; sourceTree = "<group>"; };
		9B8834052919AA3C002C9DDE /* NSObject+Extensions.swift */ = {isa = PBXFileReference; lastKnownFileType = sourcecode.swift; path = "NSObject+Extensions.swift"; sourceTree = "<group>"; };
		9B8834072919AA61002C9DDE /* UIViewController+Extensions.swift */ = {isa = PBXFileReference; lastKnownFileType = sourcecode.swift; path = "UIViewController+Extensions.swift"; sourceTree = "<group>"; };
		9B88340A2919AA88002C9DDE /* CoordinatorFactory.swift */ = {isa = PBXFileReference; lastKnownFileType = sourcecode.swift; path = CoordinatorFactory.swift; sourceTree = "<group>"; };
		9B88340C2919AB71002C9DDE /* MainCoordinator.swift */ = {isa = PBXFileReference; lastKnownFileType = sourcecode.swift; path = MainCoordinator.swift; sourceTree = "<group>"; };
		9B88340F2919AC00002C9DDE /* ModuleFactoryImp.swift */ = {isa = PBXFileReference; lastKnownFileType = sourcecode.swift; path = ModuleFactoryImp.swift; sourceTree = "<group>"; };
		9B8834122919AC2C002C9DDE /* MainViewModel.swift */ = {isa = PBXFileReference; lastKnownFileType = sourcecode.swift; path = MainViewModel.swift; sourceTree = "<group>"; };
		9B8834142919ACA7002C9DDE /* MainModuleFactory.swift */ = {isa = PBXFileReference; lastKnownFileType = sourcecode.swift; path = MainModuleFactory.swift; sourceTree = "<group>"; };
		9B88341A2919C7DD002C9DDE /* Main.storyboard */ = {isa = PBXFileReference; lastKnownFileType = file.storyboard; path = Main.storyboard; sourceTree = "<group>"; };
		9B88341F291A950C002C9DDE /* TextCollectionViewCell.swift */ = {isa = PBXFileReference; lastKnownFileType = sourcecode.swift; path = TextCollectionViewCell.swift; sourceTree = "<group>"; };
		9B883424291A95DD002C9DDE /* UICollectionViewCell+Extensions.swift */ = {isa = PBXFileReference; lastKnownFileType = sourcecode.swift; path = "UICollectionViewCell+Extensions.swift"; sourceTree = "<group>"; };
		9BD52EB4291A973B00EA53E8 /* TextCollectionViewCell.xib */ = {isa = PBXFileReference; fileEncoding = 4; lastKnownFileType = file.xib; path = TextCollectionViewCell.xib; sourceTree = "<group>"; };
		9BD52EB6291A97DD00EA53E8 /* UIView+Extensions.swift */ = {isa = PBXFileReference; lastKnownFileType = sourcecode.swift; path = "UIView+Extensions.swift"; sourceTree = "<group>"; };
		9BD52EB8291A997100EA53E8 /* Localizable.strings */ = {isa = PBXFileReference; lastKnownFileType = text.plist.strings; path = Localizable.strings; sourceTree = "<group>"; };
		9BD52EBB291AAC0600EA53E8 /* CategoryListViewController.swift */ = {isa = PBXFileReference; lastKnownFileType = sourcecode.swift; path = CategoryListViewController.swift; sourceTree = "<group>"; };
		9BD52EBD291AAC1000EA53E8 /* CategoryListViewModel.swift */ = {isa = PBXFileReference; lastKnownFileType = sourcecode.swift; path = CategoryListViewModel.swift; sourceTree = "<group>"; };
/* End PBXFileReference section */

/* Begin PBXFrameworksBuildPhase section */
		9B8833C529193BC3002C9DDE /* Frameworks */ = {
			isa = PBXFrameworksBuildPhase;
			buildActionMask = 2147483647;
			files = (
			);
			runOnlyForDeploymentPostprocessing = 0;
		};
/* End PBXFrameworksBuildPhase section */

/* Begin PBXGroup section */
		9B059982291ABC4E0056EF17 /* Network */ = {
			isa = PBXGroup;
			children = (
				9B059985291ABC8B0056EF17 /* APIRouter.swift */,
				9B8833EC291987F6002C9DDE /* NetworkManager.swift */,
				9B059989291ABE160056EF17 /* Parser.swift */,
			);
			path = Network;
			sourceTree = "<group>";
		};
		9B059987291ABDE20056EF17 /* Models */ = {
			isa = PBXGroup;
			children = (
				9B0599B6291AFFB70056EF17 /* DetailsScreen */,
				9B05999B291AE10F0056EF17 /* CategoryListScreen */,
				9B059994291AC1F10056EF17 /* MainScreen */,
				9B059988291ABDE80056EF17 /* Network */,
			);
			path = Models;
			sourceTree = "<group>";
		};
		9B059988291ABDE80056EF17 /* Network */ = {
			isa = PBXGroup;
			children = (
				9B059991291AC1050056EF17 /* Response */,
				9B059983291ABC610056EF17 /* NetworkError.swift */,
				9B05998B291ABE760056EF17 /* SessionError.swift */,
				9B05998D291ABE9D0056EF17 /* ParameterEncodable.swift */,
			);
			path = Network;
			sourceTree = "<group>";
		};
		9B059991291AC1050056EF17 /* Response */ = {
			isa = PBXGroup;
			children = (
				9B059992291AC12A0056EF17 /* PeopleResponse.swift */,
				9B0599AB291AF7B70056EF17 /* PlanetsResponse.swift */,
				9B0599AD291AF9F10056EF17 /* FilmsResponse.swift */,
				9B0599AF291AFA670056EF17 /* SpeciesResponse.swift */,
			);
			path = Response;
			sourceTree = "<group>";
		};
		9B059994291AC1F10056EF17 /* MainScreen */ = {
			isa = PBXGroup;
			children = (
				9B059995291AC24A0056EF17 /* MainResourceType.swift */,
			);
			path = MainScreen;
			sourceTree = "<group>";
		};
		9B05999B291AE10F0056EF17 /* CategoryListScreen */ = {
			isa = PBXGroup;
			children = (
				9B05999C291AE1270056EF17 /* Section.swift */,
				9B05999E291AE42C0056EF17 /* CategoryModel.swift */,
			);
			path = CategoryListScreen;
			sourceTree = "<group>";
		};
		9B0599A3291AF4720056EF17 /* AnimationControllers */ = {
			isa = PBXGroup;
			children = (
				9B0599A4291AF4920056EF17 /* PresentationController.swift */,
				9B0599A6291AF5100056EF17 /* LoadingPageViewController.swift */,
			);
			path = AnimationControllers;
			sourceTree = "<group>";
		};
		9B0599A8291AF5400056EF17 /* Animations */ = {
			isa = PBXGroup;
			children = (
				9B0599A9291AF5600056EF17 /* LoadingPageViewController.xib */,
			);
			path = Animations;
			sourceTree = "<group>";
		};
		9B0599B1291AFEDE0056EF17 /* DetailsScreen */ = {
			isa = PBXGroup;
			children = (
				9B0599B2291AFEFE0056EF17 /* DetailsViewController.swift */,
				9B0599B4291AFF0A0056EF17 /* DetailsViewModel.swift */,
			);
			path = DetailsScreen;
			sourceTree = "<group>";
		};
		9B0599B6291AFFB70056EF17 /* DetailsScreen */ = {
			isa = PBXGroup;
			children = (
				9B0599B7291AFFC50056EF17 /* DetailsModel.swift */,
			);
			path = DetailsScreen;
			sourceTree = "<group>";
		};
		9B0599B9291B00BD0056EF17 /* DetailsScreen */ = {
			isa = PBXGroup;
			children = (
				9B0599BA291B00CE0056EF17 /* DetailsViewController.xib */,
			);
			path = DetailsScreen;
			sourceTree = "<group>";
		};
		9B5FD1FB291A970900FB2D17 /* Cells */ = {
			isa = PBXGroup;
			children = (
				9BD52EB4291A973B00EA53E8 /* TextCollectionViewCell.xib */,
			);
			path = Cells;
			sourceTree = "<group>";
		};
		9B8833BF29193BC3002C9DDE = {
			isa = PBXGroup;
			children = (
				9B8833CA29193BC3002C9DDE /* StarWars */,
				9B8833C929193BC3002C9DDE /* Products */,
			);
			sourceTree = "<group>";
		};
		9B8833C929193BC3002C9DDE /* Products */ = {
			isa = PBXGroup;
			children = (
				9B8833C829193BC3002C9DDE /* StarWars.app */,
			);
			name = Products;
			sourceTree = "<group>";
		};
		9B8833CA29193BC3002C9DDE /* StarWars */ = {
			isa = PBXGroup;
			children = (
				9B8833E129193C5C002C9DDE /* Project */,
				9B8833E029193C4F002C9DDE /* Resources */,
				9B8833DF29193C44002C9DDE /* Sources */,
			);
			path = StarWars;
			sourceTree = "<group>";
		};
		9B8833DF29193C44002C9DDE /* Sources */ = {
			isa = PBXGroup;
			children = (
				9B059987291ABDE20056EF17 /* Models */,
				9B8833CB29193BC3002C9DDE /* AppDelegate.swift */,
				9B883423291A95C4002C9DDE /* Extensions */,
				9B8833F72919A959002C9DDE /* Coordination */,
				9B8833E92919879D002C9DDE /* Workers */,
				9B8833E829198786002C9DDE /* Flows */,
			);
			path = Sources;
			sourceTree = "<group>";
		};
		9B8833E029193C4F002C9DDE /* Resources */ = {
			isa = PBXGroup;
			children = (
				9B8834172919C6B3002C9DDE /* Xibs */,
				9B8833D429193BC4002C9DDE /* Assets.xcassets */,
				9B8834162919C689002C9DDE /* Storyboards */,
				9BD52EB8291A997100EA53E8 /* Localizable.strings */,
			);
			path = Resources;
			sourceTree = "<group>";
		};
		9B8833E129193C5C002C9DDE /* Project */ = {
			isa = PBXGroup;
			children = (
				9B8833E229195A47002C9DDE /* Configurations */,
				9B8833D929193BC4002C9DDE /* Info.plist */,
			);
			path = Project;
			sourceTree = "<group>";
		};
		9B8833E229195A47002C9DDE /* Configurations */ = {
			isa = PBXGroup;
			children = (
				9B8833E329195A84002C9DDE /* Development.xcconfig */,
				9B8833E429195B4B002C9DDE /* Production.xcconfig */,
				9B8833E529196A34002C9DDE /* Staging.xcconfig */,
				9B5BCE34291BC7B80069AB03 /* Configuration.swift */,
			);
			path = Configurations;
			sourceTree = "<group>";
		};
		9B8833E829198786002C9DDE /* Flows */ = {
			isa = PBXGroup;
			children = (
				9B88340C2919AB71002C9DDE /* MainCoordinator.swift */,
				9B0599B1291AFEDE0056EF17 /* DetailsScreen */,
				9B8834112919AC1A002C9DDE /* MainScreen */,
				9BD52EBA291A9D1000EA53E8 /* CategoryListScreen */,
			);
			path = Flows;
			sourceTree = "<group>";
		};
		9B8833E92919879D002C9DDE /* Workers */ = {
			isa = PBXGroup;
			children = (
				9B8833EA291987DC002C9DDE /* AppDependencies.swift */,
				9B059982291ABC4E0056EF17 /* Network */,
			);
			path = Workers;
			sourceTree = "<group>";
		};
		9B8833F72919A959002C9DDE /* Coordination */ = {
			isa = PBXGroup;
			children = (
				9B88340E2919ABEA002C9DDE /* Modules */,
				9B8834092919AA77002C9DDE /* Coordinators */,
				9B8834042919AA25002C9DDE /* Extensions */,
				9B8833FF2919A9DA002C9DDE /* Protocols */,
				9B8833FC2919A9B2002C9DDE /* Router */,
				9B8833F82919A975002C9DDE /* AppCoordinator.swift */,
				9B8833FA2919A99E002C9DDE /* BaseCoordinator.swift */,
			);
			path = Coordination;
			sourceTree = "<group>";
		};
		9B8833FC2919A9B2002C9DDE /* Router */ = {
			isa = PBXGroup;
			children = (
				9B8833FD2919A9BE002C9DDE /* Router.swift */,
			);
			path = Router;
			sourceTree = "<group>";
		};
		9B8833FF2919A9DA002C9DDE /* Protocols */ = {
			isa = PBXGroup;
			children = (
				9B8834002919A9F8002C9DDE /* Coordinator.swift */,
				9B8834022919AA07002C9DDE /* Presentable.swift */,
			);
			path = Protocols;
			sourceTree = "<group>";
		};
		9B8834042919AA25002C9DDE /* Extensions */ = {
			isa = PBXGroup;
			children = (
				9B8834052919AA3C002C9DDE /* NSObject+Extensions.swift */,
				9B8834072919AA61002C9DDE /* UIViewController+Extensions.swift */,
			);
			path = Extensions;
			sourceTree = "<group>";
		};
		9B8834092919AA77002C9DDE /* Coordinators */ = {
			isa = PBXGroup;
			children = (
				9B88340A2919AA88002C9DDE /* CoordinatorFactory.swift */,
			);
			path = Coordinators;
			sourceTree = "<group>";
		};
		9B88340E2919ABEA002C9DDE /* Modules */ = {
			isa = PBXGroup;
			children = (
				9B88340F2919AC00002C9DDE /* ModuleFactoryImp.swift */,
				9B8834142919ACA7002C9DDE /* MainModuleFactory.swift */,
			);
			path = Modules;
			sourceTree = "<group>";
		};
		9B8834112919AC1A002C9DDE /* MainScreen */ = {
			isa = PBXGroup;
			children = (
				9B8833CF29193BC3002C9DDE /* MainViewController.swift */,
				9B8834122919AC2C002C9DDE /* MainViewModel.swift */,
				9B88341E291A94F4002C9DDE /* Cells */,
			);
			path = MainScreen;
			sourceTree = "<group>";
		};
		9B8834162919C689002C9DDE /* Storyboards */ = {
			isa = PBXGroup;
			children = (
				9B8833D629193BC4002C9DDE /* LaunchScreen.storyboard */,
				9B88341A2919C7DD002C9DDE /* Main.storyboard */,
			);
			path = Storyboards;
			sourceTree = "<group>";
		};
		9B8834172919C6B3002C9DDE /* Xibs */ = {
			isa = PBXGroup;
			children = (
				9B0599B9291B00BD0056EF17 /* DetailsScreen */,
				9B0599A8291AF5400056EF17 /* Animations */,
				9B883426291A96D4002C9DDE /* MainScreen */,
			);
			path = Xibs;
			sourceTree = "<group>";
		};
		9B88341E291A94F4002C9DDE /* Cells */ = {
			isa = PBXGroup;
			children = (
				9B88341F291A950C002C9DDE /* TextCollectionViewCell.swift */,
			);
			path = Cells;
			sourceTree = "<group>";
		};
		9B883423291A95C4002C9DDE /* Extensions */ = {
			isa = PBXGroup;
			children = (
				9B0599A3291AF4720056EF17 /* AnimationControllers */,
				9B883424291A95DD002C9DDE /* UICollectionViewCell+Extensions.swift */,
				9B05998F291ABEE30056EF17 /* URLSession+Extensions.swift */,
				9BD52EB6291A97DD00EA53E8 /* UIView+Extensions.swift */,
				9B059997291AC9770056EF17 /* UIViewController+Alert.swift */,
			);
			path = Extensions;
			sourceTree = "<group>";
		};
		9B883426291A96D4002C9DDE /* MainScreen */ = {
			isa = PBXGroup;
			children = (
				9B5FD1FB291A970900FB2D17 /* Cells */,
				9B5FD1F9291A970100FB2D17 /* MainViewController.xib */,
			);
			path = MainScreen;
			sourceTree = "<group>";
		};
		9BD52EBA291A9D1000EA53E8 /* CategoryListScreen */ = {
			isa = PBXGroup;
			children = (
				9BD52EBB291AAC0600EA53E8 /* CategoryListViewController.swift */,
				9BD52EBD291AAC1000EA53E8 /* CategoryListViewModel.swift */,
			);
			path = CategoryListScreen;
			sourceTree = "<group>";
		};
/* End PBXGroup section */

/* Begin PBXNativeTarget section */
		9B8833C729193BC3002C9DDE /* StarWars */ = {
			isa = PBXNativeTarget;
			buildConfigurationList = 9B8833DC29193BC4002C9DDE /* Build configuration list for PBXNativeTarget "StarWars" */;
			buildPhases = (
				9B8833C429193BC3002C9DDE /* Sources */,
				9B8833C529193BC3002C9DDE /* Frameworks */,
				9B8833C629193BC3002C9DDE /* Resources */,
			);
			buildRules = (
			);
			dependencies = (
			);
			name = StarWars;
			productName = StarWars;
			productReference = 9B8833C829193BC3002C9DDE /* StarWars.app */;
			productType = "com.apple.product-type.application";
		};
/* End PBXNativeTarget section */

/* Begin PBXProject section */
		9B8833C029193BC3002C9DDE /* Project object */ = {
			isa = PBXProject;
			attributes = {
				BuildIndependentTargetsInParallel = 1;
				LastSwiftUpdateCheck = 1400;
				LastUpgradeCheck = 1400;
				TargetAttributes = {
					9B8833C729193BC3002C9DDE = {
						CreatedOnToolsVersion = 14.0;
					};
				};
			};
			buildConfigurationList = 9B8833C329193BC3002C9DDE /* Build configuration list for PBXProject "StarWars" */;
			compatibilityVersion = "Xcode 14.0";
			developmentRegion = en;
			hasScannedForEncodings = 0;
			knownRegions = (
				en,
				Base,
			);
			mainGroup = 9B8833BF29193BC3002C9DDE;
			productRefGroup = 9B8833C929193BC3002C9DDE /* Products */;
			projectDirPath = "";
			projectRoot = "";
			targets = (
				9B8833C729193BC3002C9DDE /* StarWars */,
			);
		};
/* End PBXProject section */

/* Begin PBXResourcesBuildPhase section */
		9B8833C629193BC3002C9DDE /* Resources */ = {
			isa = PBXResourcesBuildPhase;
			buildActionMask = 2147483647;
			files = (
				9BD52EB5291A973B00EA53E8 /* TextCollectionViewCell.xib in Resources */,
				9BD52EB9291A997100EA53E8 /* Localizable.strings in Resources */,
				9B5FD1FA291A970100FB2D17 /* MainViewController.xib in Resources */,
				9B8833D829193BC4002C9DDE /* LaunchScreen.storyboard in Resources */,
				9B8833D529193BC4002C9DDE /* Assets.xcassets in Resources */,
				9B0599AA291AF5600056EF17 /* LoadingPageViewController.xib in Resources */,
				9B88341B2919C7DD002C9DDE /* Main.storyboard in Resources */,
				9B0599BB291B00CE0056EF17 /* DetailsViewController.xib in Resources */,
			);
			runOnlyForDeploymentPostprocessing = 0;
		};
/* End PBXResourcesBuildPhase section */

/* Begin PBXSourcesBuildPhase section */
		9B8833C429193BC3002C9DDE /* Sources */ = {
			isa = PBXSourcesBuildPhase;
			buildActionMask = 2147483647;
			files = (
				9BD52EBC291AAC0600EA53E8 /* CategoryListViewController.swift in Sources */,
				9B059993291AC12A0056EF17 /* PeopleResponse.swift in Sources */,
				9B8833FE2919A9BE002C9DDE /* Router.swift in Sources */,
				9B0599A7291AF5100056EF17 /* LoadingPageViewController.swift in Sources */,
				9B88340D2919AB71002C9DDE /* MainCoordinator.swift in Sources */,
				9B8833F92919A975002C9DDE /* AppCoordinator.swift in Sources */,
				9B8833EB291987DC002C9DDE /* AppDependencies.swift in Sources */,
				9B883425291A95DD002C9DDE /* UICollectionViewCell+Extensions.swift in Sources */,
				9B8834032919AA07002C9DDE /* Presentable.swift in Sources */,
				9BD52EBE291AAC1000EA53E8 /* CategoryListViewModel.swift in Sources */,
				9B0599AC291AF7B70056EF17 /* PlanetsResponse.swift in Sources */,
				9B0599B3291AFEFE0056EF17 /* DetailsViewController.swift in Sources */,
				9B0599B0291AFA670056EF17 /* SpeciesResponse.swift in Sources */,
				9B0599AE291AF9F10056EF17 /* FilmsResponse.swift in Sources */,
				9B059990291ABEE30056EF17 /* URLSession+Extensions.swift in Sources */,
				9B8834082919AA61002C9DDE /* UIViewController+Extensions.swift in Sources */,
				9B059984291ABC610056EF17 /* NetworkError.swift in Sources */,
				9B8833D029193BC3002C9DDE /* MainViewController.swift in Sources */,
				9B0599B8291AFFC50056EF17 /* DetailsModel.swift in Sources */,
				9B8834062919AA3C002C9DDE /* NSObject+Extensions.swift in Sources */,
				9B8833ED291987F6002C9DDE /* NetworkManager.swift in Sources */,
				9B059998291AC9770056EF17 /* UIViewController+Alert.swift in Sources */,
				9B8834152919ACA7002C9DDE /* MainModuleFactory.swift in Sources */,
				9B883421291A950C002C9DDE /* TextCollectionViewCell.swift in Sources */,
				9B05998C291ABE760056EF17 /* SessionError.swift in Sources */,
				9BD52EB7291A97DD00EA53E8 /* UIView+Extensions.swift in Sources */,
				9B8833FB2919A99E002C9DDE /* BaseCoordinator.swift in Sources */,
				9B0599A5291AF4920056EF17 /* PresentationController.swift in Sources */,
				9B0599B5291AFF0A0056EF17 /* DetailsViewModel.swift in Sources */,
				9B8833CC29193BC3002C9DDE /* AppDelegate.swift in Sources */,
				9B8834012919A9F8002C9DDE /* Coordinator.swift in Sources */,
				9B8834102919AC00002C9DDE /* ModuleFactoryImp.swift in Sources */,
				9B05998A291ABE160056EF17 /* Parser.swift in Sources */,
				9B88340B2919AA88002C9DDE /* CoordinatorFactory.swift in Sources */,
				9B059996291AC24A0056EF17 /* MainResourceType.swift in Sources */,
				9B059986291ABC8B0056EF17 /* APIRouter.swift in Sources */,
				9B05999D291AE1270056EF17 /* Section.swift in Sources */,
				9B05999F291AE42C0056EF17 /* CategoryModel.swift in Sources */,
				9B8834132919AC2C002C9DDE /* MainViewModel.swift in Sources */,
				9B05998E291ABE9D0056EF17 /* ParameterEncodable.swift in Sources */,
				9B5BCE35291BC7B80069AB03 /* Configuration.swift in Sources */,
			);
			runOnlyForDeploymentPostprocessing = 0;
		};
/* End PBXSourcesBuildPhase section */

/* Begin PBXVariantGroup section */
		9B8833D629193BC4002C9DDE /* LaunchScreen.storyboard */ = {
			isa = PBXVariantGroup;
			children = (
				9B8833D729193BC4002C9DDE /* Base */,
			);
			name = LaunchScreen.storyboard;
			sourceTree = "<group>";
		};
/* End PBXVariantGroup section */

/* Begin XCBuildConfiguration section */
		9B8833DA29193BC4002C9DDE /* Debug  */ = {
			isa = XCBuildConfiguration;
			buildSettings = {
				ALWAYS_SEARCH_USER_PATHS = NO;
				CLANG_ANALYZER_NONNULL = YES;
				CLANG_ANALYZER_NUMBER_OBJECT_CONVERSION = YES_AGGRESSIVE;
				CLANG_CXX_LANGUAGE_STANDARD = "gnu++20";
				CLANG_ENABLE_MODULES = YES;
				CLANG_ENABLE_OBJC_ARC = YES;
				CLANG_ENABLE_OBJC_WEAK = YES;
				CLANG_WARN_BLOCK_CAPTURE_AUTORELEASING = YES;
				CLANG_WARN_BOOL_CONVERSION = YES;
				CLANG_WARN_COMMA = YES;
				CLANG_WARN_CONSTANT_CONVERSION = YES;
				CLANG_WARN_DEPRECATED_OBJC_IMPLEMENTATIONS = YES;
				CLANG_WARN_DIRECT_OBJC_ISA_USAGE = YES_ERROR;
				CLANG_WARN_DOCUMENTATION_COMMENTS = YES;
				CLANG_WARN_EMPTY_BODY = YES;
				CLANG_WARN_ENUM_CONVERSION = YES;
				CLANG_WARN_INFINITE_RECURSION = YES;
				CLANG_WARN_INT_CONVERSION = YES;
				CLANG_WARN_NON_LITERAL_NULL_CONVERSION = YES;
				CLANG_WARN_OBJC_IMPLICIT_RETAIN_SELF = YES;
				CLANG_WARN_OBJC_LITERAL_CONVERSION = YES;
				CLANG_WARN_OBJC_ROOT_CLASS = YES_ERROR;
				CLANG_WARN_QUOTED_INCLUDE_IN_FRAMEWORK_HEADER = YES;
				CLANG_WARN_RANGE_LOOP_ANALYSIS = YES;
				CLANG_WARN_STRICT_PROTOTYPES = YES;
				CLANG_WARN_SUSPICIOUS_MOVE = YES;
				CLANG_WARN_UNGUARDED_AVAILABILITY = YES_AGGRESSIVE;
				CLANG_WARN_UNREACHABLE_CODE = YES;
				CLANG_WARN__DUPLICATE_METHOD_MATCH = YES;
				COPY_PHASE_STRIP = NO;
				DEBUG_INFORMATION_FORMAT = dwarf;
				ENABLE_STRICT_OBJC_MSGSEND = YES;
				ENABLE_TESTABILITY = YES;
				GCC_C_LANGUAGE_STANDARD = gnu11;
				GCC_DYNAMIC_NO_PIC = NO;
				GCC_NO_COMMON_BLOCKS = YES;
				GCC_OPTIMIZATION_LEVEL = 0;
				GCC_PREPROCESSOR_DEFINITIONS = (
					"DEBUG=1",
					"$(inherited)",
				);
				GCC_WARN_64_TO_32_BIT_CONVERSION = YES;
				GCC_WARN_ABOUT_RETURN_TYPE = YES_ERROR;
				GCC_WARN_UNDECLARED_SELECTOR = YES;
				GCC_WARN_UNINITIALIZED_AUTOS = YES_AGGRESSIVE;
				GCC_WARN_UNUSED_FUNCTION = YES;
				GCC_WARN_UNUSED_VARIABLE = YES;
				IPHONEOS_DEPLOYMENT_TARGET = 14.0;
				MTL_ENABLE_DEBUG_INFO = INCLUDE_SOURCE;
				MTL_FAST_MATH = YES;
				ONLY_ACTIVE_ARCH = YES;
				SDKROOT = iphoneos;
				SWIFT_ACTIVE_COMPILATION_CONDITIONS = DEBUG;
				SWIFT_OPTIMIZATION_LEVEL = "-Onone";
			};
			name = "Debug ";
		};
		9B8833DB29193BC4002C9DDE /* Release */ = {
			isa = XCBuildConfiguration;
			buildSettings = {
				ALWAYS_SEARCH_USER_PATHS = NO;
				CLANG_ANALYZER_NONNULL = YES;
				CLANG_ANALYZER_NUMBER_OBJECT_CONVERSION = YES_AGGRESSIVE;
				CLANG_CXX_LANGUAGE_STANDARD = "gnu++20";
				CLANG_ENABLE_MODULES = YES;
				CLANG_ENABLE_OBJC_ARC = YES;
				CLANG_ENABLE_OBJC_WEAK = YES;
				CLANG_WARN_BLOCK_CAPTURE_AUTORELEASING = YES;
				CLANG_WARN_BOOL_CONVERSION = YES;
				CLANG_WARN_COMMA = YES;
				CLANG_WARN_CONSTANT_CONVERSION = YES;
				CLANG_WARN_DEPRECATED_OBJC_IMPLEMENTATIONS = YES;
				CLANG_WARN_DIRECT_OBJC_ISA_USAGE = YES_ERROR;
				CLANG_WARN_DOCUMENTATION_COMMENTS = YES;
				CLANG_WARN_EMPTY_BODY = YES;
				CLANG_WARN_ENUM_CONVERSION = YES;
				CLANG_WARN_INFINITE_RECURSION = YES;
				CLANG_WARN_INT_CONVERSION = YES;
				CLANG_WARN_NON_LITERAL_NULL_CONVERSION = YES;
				CLANG_WARN_OBJC_IMPLICIT_RETAIN_SELF = YES;
				CLANG_WARN_OBJC_LITERAL_CONVERSION = YES;
				CLANG_WARN_OBJC_ROOT_CLASS = YES_ERROR;
				CLANG_WARN_QUOTED_INCLUDE_IN_FRAMEWORK_HEADER = YES;
				CLANG_WARN_RANGE_LOOP_ANALYSIS = YES;
				CLANG_WARN_STRICT_PROTOTYPES = YES;
				CLANG_WARN_SUSPICIOUS_MOVE = YES;
				CLANG_WARN_UNGUARDED_AVAILABILITY = YES_AGGRESSIVE;
				CLANG_WARN_UNREACHABLE_CODE = YES;
				CLANG_WARN__DUPLICATE_METHOD_MATCH = YES;
				COPY_PHASE_STRIP = NO;
				DEBUG_INFORMATION_FORMAT = "dwarf-with-dsym";
				ENABLE_NS_ASSERTIONS = NO;
				ENABLE_STRICT_OBJC_MSGSEND = YES;
				GCC_C_LANGUAGE_STANDARD = gnu11;
				GCC_NO_COMMON_BLOCKS = YES;
				GCC_WARN_64_TO_32_BIT_CONVERSION = YES;
				GCC_WARN_ABOUT_RETURN_TYPE = YES_ERROR;
				GCC_WARN_UNDECLARED_SELECTOR = YES;
				GCC_WARN_UNINITIALIZED_AUTOS = YES_AGGRESSIVE;
				GCC_WARN_UNUSED_FUNCTION = YES;
				GCC_WARN_UNUSED_VARIABLE = YES;
				IPHONEOS_DEPLOYMENT_TARGET = 14.0;
				MTL_ENABLE_DEBUG_INFO = NO;
				MTL_FAST_MATH = YES;
				SDKROOT = iphoneos;
				SWIFT_COMPILATION_MODE = wholemodule;
				SWIFT_OPTIMIZATION_LEVEL = "-O";
				VALIDATE_PRODUCT = YES;
			};
			name = Release;
		};
		9B8833DD29193BC4002C9DDE /* Debug  */ = {
			isa = XCBuildConfiguration;
			baseConfigurationReference = 9B8833E329195A84002C9DDE /* Development.xcconfig */;
			buildSettings = {
				ASSETCATALOG_COMPILER_APPICON_NAME = AppIcon;
				ASSETCATALOG_COMPILER_GLOBAL_ACCENT_COLOR_NAME = AccentColor;
				CODE_SIGN_STYLE = Automatic;
				CURRENT_PROJECT_VERSION = 1;
				GENERATE_INFOPLIST_FILE = YES;
				INFOPLIST_FILE = StarWars/Project/Info.plist;
				INFOPLIST_KEY_UIApplicationSupportsIndirectInputEvents = YES;
				INFOPLIST_KEY_UILaunchStoryboardName = LaunchScreen;
				INFOPLIST_KEY_UISupportedInterfaceOrientations_iPad = "UIInterfaceOrientationPortrait UIInterfaceOrientationPortraitUpsideDown UIInterfaceOrientationLandscapeLeft UIInterfaceOrientationLandscapeRight";
				INFOPLIST_KEY_UISupportedInterfaceOrientations_iPhone = "UIInterfaceOrientationPortrait UIInterfaceOrientationLandscapeLeft UIInterfaceOrientationLandscapeRight";
				LD_RUNPATH_SEARCH_PATHS = (
					"$(inherited)",
					"@executable_path/Frameworks",
				);
				MARKETING_VERSION = 1.0;
				PRODUCT_BUNDLE_IDENTIFIER = home.StarWars;
				PRODUCT_NAME = "$(TARGET_NAME)";
				SUPPORTED_PLATFORMS = "iphoneos iphonesimulator";
				SUPPORTS_MACCATALYST = NO;
				SUPPORTS_MAC_DESIGNED_FOR_IPHONE_IPAD = NO;
				SWIFT_EMIT_LOC_STRINGS = YES;
				SWIFT_VERSION = 5.0;
				TARGETED_DEVICE_FAMILY = 1;
			};
			name = "Debug ";
		};
		9B8833DE29193BC4002C9DDE /* Release */ = {
			isa = XCBuildConfiguration;
			baseConfigurationReference = 9B8833E429195B4B002C9DDE /* Production.xcconfig */;
			buildSettings = {
				ASSETCATALOG_COMPILER_APPICON_NAME = AppIcon;
				ASSETCATALOG_COMPILER_GLOBAL_ACCENT_COLOR_NAME = AccentColor;
				CODE_SIGN_STYLE = Automatic;
				CURRENT_PROJECT_VERSION = 1;
				GENERATE_INFOPLIST_FILE = YES;
				INFOPLIST_FILE = StarWars/Project/Info.plist;
				INFOPLIST_KEY_UIApplicationSupportsIndirectInputEvents = YES;
				INFOPLIST_KEY_UILaunchStoryboardName = LaunchScreen;
				INFOPLIST_KEY_UISupportedInterfaceOrientations_iPad = "UIInterfaceOrientationPortrait UIInterfaceOrientationPortraitUpsideDown UIInterfaceOrientationLandscapeLeft UIInterfaceOrientationLandscapeRight";
				INFOPLIST_KEY_UISupportedInterfaceOrientations_iPhone = "UIInterfaceOrientationPortrait UIInterfaceOrientationLandscapeLeft UIInterfaceOrientationLandscapeRight";
				LD_RUNPATH_SEARCH_PATHS = (
					"$(inherited)",
					"@executable_path/Frameworks",
				);
				MARKETING_VERSION = 1.0;
				PRODUCT_BUNDLE_IDENTIFIER = home.StarWars;
				PRODUCT_NAME = "$(TARGET_NAME)";
				SUPPORTED_PLATFORMS = "iphoneos iphonesimulator";
				SUPPORTS_MACCATALYST = NO;
				SUPPORTS_MAC_DESIGNED_FOR_IPHONE_IPAD = NO;
				SWIFT_EMIT_LOC_STRINGS = YES;
				SWIFT_VERSION = 5.0;
				TARGETED_DEVICE_FAMILY = 1;
			};
			name = Release;
		};
		9B8833E629196A5D002C9DDE /* Staging */ = {
			isa = XCBuildConfiguration;
			buildSettings = {
				ALWAYS_SEARCH_USER_PATHS = NO;
				CLANG_ANALYZER_NONNULL = YES;
				CLANG_ANALYZER_NUMBER_OBJECT_CONVERSION = YES_AGGRESSIVE;
				CLANG_CXX_LANGUAGE_STANDARD = "gnu++20";
				CLANG_ENABLE_MODULES = YES;
				CLANG_ENABLE_OBJC_ARC = YES;
				CLANG_ENABLE_OBJC_WEAK = YES;
				CLANG_WARN_BLOCK_CAPTURE_AUTORELEASING = YES;
				CLANG_WARN_BOOL_CONVERSION = YES;
				CLANG_WARN_COMMA = YES;
				CLANG_WARN_CONSTANT_CONVERSION = YES;
				CLANG_WARN_DEPRECATED_OBJC_IMPLEMENTATIONS = YES;
				CLANG_WARN_DIRECT_OBJC_ISA_USAGE = YES_ERROR;
				CLANG_WARN_DOCUMENTATION_COMMENTS = YES;
				CLANG_WARN_EMPTY_BODY = YES;
				CLANG_WARN_ENUM_CONVERSION = YES;
				CLANG_WARN_INFINITE_RECURSION = YES;
				CLANG_WARN_INT_CONVERSION = YES;
				CLANG_WARN_NON_LITERAL_NULL_CONVERSION = YES;
				CLANG_WARN_OBJC_IMPLICIT_RETAIN_SELF = YES;
				CLANG_WARN_OBJC_LITERAL_CONVERSION = YES;
				CLANG_WARN_OBJC_ROOT_CLASS = YES_ERROR;
				CLANG_WARN_QUOTED_INCLUDE_IN_FRAMEWORK_HEADER = YES;
				CLANG_WARN_RANGE_LOOP_ANALYSIS = YES;
				CLANG_WARN_STRICT_PROTOTYPES = YES;
				CLANG_WARN_SUSPICIOUS_MOVE = YES;
				CLANG_WARN_UNGUARDED_AVAILABILITY = YES_AGGRESSIVE;
				CLANG_WARN_UNREACHABLE_CODE = YES;
				CLANG_WARN__DUPLICATE_METHOD_MATCH = YES;
				COPY_PHASE_STRIP = NO;
				DEBUG_INFORMATION_FORMAT = dwarf;
				ENABLE_STRICT_OBJC_MSGSEND = YES;
				ENABLE_TESTABILITY = YES;
				GCC_C_LANGUAGE_STANDARD = gnu11;
				GCC_DYNAMIC_NO_PIC = NO;
				GCC_NO_COMMON_BLOCKS = YES;
				GCC_OPTIMIZATION_LEVEL = 0;
				GCC_PREPROCESSOR_DEFINITIONS = (
					"DEBUG=1",
					"$(inherited)",
				);
				GCC_WARN_64_TO_32_BIT_CONVERSION = YES;
				GCC_WARN_ABOUT_RETURN_TYPE = YES_ERROR;
				GCC_WARN_UNDECLARED_SELECTOR = YES;
				GCC_WARN_UNINITIALIZED_AUTOS = YES_AGGRESSIVE;
				GCC_WARN_UNUSED_FUNCTION = YES;
				GCC_WARN_UNUSED_VARIABLE = YES;
				IPHONEOS_DEPLOYMENT_TARGET = 14.0;
				MTL_ENABLE_DEBUG_INFO = INCLUDE_SOURCE;
				MTL_FAST_MATH = YES;
				ONLY_ACTIVE_ARCH = YES;
				SDKROOT = iphoneos;
				SWIFT_ACTIVE_COMPILATION_CONDITIONS = DEBUG;
				SWIFT_OPTIMIZATION_LEVEL = "-Onone";
			};
			name = Staging;
		};
		9B8833E729196A5D002C9DDE /* Staging */ = {
			isa = XCBuildConfiguration;
			baseConfigurationReference = 9B8833E529196A34002C9DDE /* Staging.xcconfig */;
			buildSettings = {
				ASSETCATALOG_COMPILER_APPICON_NAME = AppIcon;
				ASSETCATALOG_COMPILER_GLOBAL_ACCENT_COLOR_NAME = AccentColor;
				CODE_SIGN_STYLE = Automatic;
				CURRENT_PROJECT_VERSION = 1;
				GENERATE_INFOPLIST_FILE = YES;
				INFOPLIST_FILE = StarWars/Project/Info.plist;
				INFOPLIST_KEY_UIApplicationSupportsIndirectInputEvents = YES;
				INFOPLIST_KEY_UILaunchStoryboardName = LaunchScreen;
				INFOPLIST_KEY_UISupportedInterfaceOrientations_iPad = "UIInterfaceOrientationPortrait UIInterfaceOrientationPortraitUpsideDown UIInterfaceOrientationLandscapeLeft UIInterfaceOrientationLandscapeRight";
				INFOPLIST_KEY_UISupportedInterfaceOrientations_iPhone = "UIInterfaceOrientationPortrait UIInterfaceOrientationLandscapeLeft UIInterfaceOrientationLandscapeRight";
				LD_RUNPATH_SEARCH_PATHS = (
					"$(inherited)",
					"@executable_path/Frameworks",
				);
				MARKETING_VERSION = 1.0;
				PRODUCT_BUNDLE_IDENTIFIER = home.StarWars;
				PRODUCT_NAME = "$(TARGET_NAME)";
				SUPPORTED_PLATFORMS = "iphoneos iphonesimulator";
				SUPPORTS_MACCATALYST = NO;
				SUPPORTS_MAC_DESIGNED_FOR_IPHONE_IPAD = NO;
				SWIFT_EMIT_LOC_STRINGS = YES;
				SWIFT_VERSION = 5.0;
				TARGETED_DEVICE_FAMILY = 1;
			};
			name = Staging;
		};
/* End XCBuildConfiguration section */

/* Begin XCConfigurationList section */
		9B8833C329193BC3002C9DDE /* Build configuration list for PBXProject "StarWars" */ = {
			isa = XCConfigurationList;
			buildConfigurations = (
				9B8833DA29193BC4002C9DDE /* Debug  */,
				9B8833E629196A5D002C9DDE /* Staging */,
				9B8833DB29193BC4002C9DDE /* Release */,
			);
			defaultConfigurationIsVisible = 0;
			defaultConfigurationName = Release;
		};
		9B8833DC29193BC4002C9DDE /* Build configuration list for PBXNativeTarget "StarWars" */ = {
			isa = XCConfigurationList;
			buildConfigurations = (
				9B8833DD29193BC4002C9DDE /* Debug  */,
				9B8833E729196A5D002C9DDE /* Staging */,
				9B8833DE29193BC4002C9DDE /* Release */,
			);
			defaultConfigurationIsVisible = 0;
			defaultConfigurationName = Release;
		};
/* End XCConfigurationList section */
	};
	rootObject = 9B8833C029193BC3002C9DDE /* Project object */;
}
